Microsoft Visual Studio Solution File, Format Version 12.00
# Visual Studio Version 17
VisualStudioVersion = 17.5.2.0
MinimumVisualStudioVersion = 10.0.40219.1
Project("{FAE04EC0-301F-11D3-BF4B-00C04F79EFBC}") = "ProjetoBiblioteca", "ProjetoBiblioteca\ProjetoBiblioteca.csproj", "{B3DCC348-EEBB-6AAD-9B5A-762553EA5CCB}"
EndProject
Project("{FAE04EC0-301F-11D3-BF4B-00C04F79EFBC}") = "ProjetoBiblioteca.Common", "ProjetoBiblioteca.Common\ProjetoBiblioteca.common.csproj", "{9C77DACD-483F-467E-B9AF-116445897049}"
EndProject
Global
	GlobalSection(SolutionConfigurationPlatforms) = preSolution
		Debug|Any CPU = Debug|Any CPU
		Release|Any CPU = Release|Any CPU
	EndGlobalSection
	GlobalSection(ProjectConfigurationPlatforms) = postSolution
		{B3DCC348-EEBB-6AAD-9B5A-762553EA5CCB}.Debug|Any CPU.ActiveCfg = Debug|Any CPU
		{B3DCC348-EEBB-6AAD-9B5A-762553EA5CCB}.Debug|Any CPU.Build.0 = Debug|Any CPU
		{B3DCC348-EEBB-6AAD-9B5A-762553EA5CCB}.Release|Any CPU.ActiveCfg = Release|Any CPU
		{B3DCC348-EEBB-6AAD-9B5A-762553EA5CCB}.Release|Any CPU.Build.0 = Release|Any CPU
		{9C77DACD-483F-467E-B9AF-116445897049}.Debug|Any CPU.ActiveCfg = Debug|Any CPU
		{9C77DACD-483F-467E-B9AF-116445897049}.Debug|Any CPU.Build.0 = Debug|Any CPU
		{9C77DACD-483F-467E-B9AF-116445897049}.Release|Any CPU.ActiveCfg = Release|Any CPU
		{9C77DACD-483F-467E-B9AF-116445897049}.Release|Any CPU.Build.0 = Release|Any CPU
	EndGlobalSection
	GlobalSection(SolutionProperties) = preSolution
		HideSolutionNode = FALSE
	EndGlobalSection
	GlobalSection(ExtensibilityGlobals) = postSolution
		SolutionGuid = {757E47EE-F5EA-4BBE-86F0-FC7FA1D9BDEE}
	EndGlobalSection
EndGlobal
